
Microsoft Visual Studio Solution File, Format Version 12.00
# Visual Studio Version 17
VisualStudioVersion = 17.4.33213.308
MinimumVisualStudioVersion = 10.0.40219.1
Project("{FAE04EC0-301F-11D3-BF4B-00C04F79EFBC}") = "ConsoleApp1", "ConsoleApp1.csproj", "{C473D2D1-A8EE-4F0E-9C99-B39F89285FA6}"
EndProject
Project("{FAE04EC0-301F-11D3-BF4B-00C04F79EFBC}") = "UnitTestProject2", "..\UnitTestProject2\UnitTestProject2.csproj", "{7FEE0A7F-643C-4AD9-8FE1-DEDA7C2BF6D0}"
EndProject
Global
	GlobalSection(SolutionConfigurationPlatforms) = preSolution
		Debug|Any CPU = Debug|Any CPU
		Release|Any CPU = Release|Any CPU
	EndGlobalSection
	GlobalSection(ProjectConfigurationPlatforms) = postSolution
		{C473D2D1-A8EE-4F0E-9C99-B39F89285FA6}.Debug|Any CPU.ActiveCfg = Debug|Any CPU
		{C473D2D1-A8EE-4F0E-9C99-B39F89285FA6}.Debug|Any CPU.Build.0 = Debug|Any CPU
		{C473D2D1-A8EE-4F0E-9C99-B39F89285FA6}.Release|Any CPU.ActiveCfg = Release|Any CPU
		{C473D2D1-A8EE-4F0E-9C99-B39F89285FA6}.Release|Any CPU.Build.0 = Release|Any CPU
		{7FEE0A7F-643C-4AD9-8FE1-DEDA7C2BF6D0}.Debug|Any CPU.ActiveCfg = Debug|Any CPU
		{7FEE0A7F-643C-4AD9-8FE1-DEDA7C2BF6D0}.Debug|Any CPU.Build.0 = Debug|Any CPU
		{7FEE0A7F-643C-4AD9-8FE1-DEDA7C2BF6D0}.Release|Any CPU.ActiveCfg = Release|Any CPU
		{7FEE0A7F-643C-4AD9-8FE1-DEDA7C2BF6D0}.Release|Any CPU.Build.0 = Release|Any CPU
	EndGlobalSection
	GlobalSection(SolutionProperties) = preSolution
		HideSolutionNode = FALSE
	EndGlobalSection
	GlobalSection(ExtensibilityGlobals) = postSolution
		SolutionGuid = {C291870B-FB12-4914-A70C-D213B7C3824B}
	EndGlobalSection
EndGlobal
